
Microsoft Visual Studio Solution File, Format Version 12.00
# Visual Studio Version 17
VisualStudioVersion = 17.5.002.0
MinimumVisualStudioVersion = 10.0.40219.1
Project("{9A19103F-16F7-4668-BE54-9A1E7A4F7556}") = "003d - obrazec č.14", "003d - obrazec č.14.csproj", "{20D4C09C-77E2-4499-9D43-F1DE1FEE1240}"
EndProject
Global
	GlobalSection(SolutionConfigurationPlatforms) = preSolution
		Debug|Any CPU = Debug|Any CPU
		Release|Any CPU = Release|Any CPU
	EndGlobalSection
	GlobalSection(ProjectConfigurationPlatforms) = postSolution
		{20D4C09C-77E2-4499-9D43-F1DE1FEE1240}.Debug|Any CPU.ActiveCfg = Debug|Any CPU
		{20D4C09C-77E2-4499-9D43-F1DE1FEE1240}.Debug|Any CPU.Build.0 = Debug|Any CPU
		{20D4C09C-77E2-4499-9D43-F1DE1FEE1240}.Release|Any CPU.ActiveCfg = Release|Any CPU
		{20D4C09C-77E2-4499-9D43-F1DE1FEE1240}.Release|Any CPU.Build.0 = Release|Any CPU
	EndGlobalSection
	GlobalSection(SolutionProperties) = preSolution
		HideSolutionNode = FALSE
	EndGlobalSection
	GlobalSection(ExtensibilityGlobals) = postSolution
		SolutionGuid = {17721FDB-1728-485E-83F7-83A84A5C59CA}
	EndGlobalSection
EndGlobal
