
Microsoft Visual Studio Solution File, Format Version 12.00
# Visual Studio Version 17
VisualStudioVersion = 17.5.002.0
MinimumVisualStudioVersion = 10.0.40219.1
Project("{9A19103F-16F7-4668-BE54-9A1E7A4F7556}") = "003e - obrazec č.17", "003e - obrazec č.17.csproj", "{D0D44ECE-1FB6-4713-933E-CBE77947A06F}"
EndProject
Global
	GlobalSection(SolutionConfigurationPlatforms) = preSolution
		Debug|Any CPU = Debug|Any CPU
		Release|Any CPU = Release|Any CPU
	EndGlobalSection
	GlobalSection(ProjectConfigurationPlatforms) = postSolution
		{D0D44ECE-1FB6-4713-933E-CBE77947A06F}.Debug|Any CPU.ActiveCfg = Debug|Any CPU
		{D0D44ECE-1FB6-4713-933E-CBE77947A06F}.Debug|Any CPU.Build.0 = Debug|Any CPU
		{D0D44ECE-1FB6-4713-933E-CBE77947A06F}.Release|Any CPU.ActiveCfg = Release|Any CPU
		{D0D44ECE-1FB6-4713-933E-CBE77947A06F}.Release|Any CPU.Build.0 = Release|Any CPU
	EndGlobalSection
	GlobalSection(SolutionProperties) = preSolution
		HideSolutionNode = FALSE
	EndGlobalSection
	GlobalSection(ExtensibilityGlobals) = postSolution
		SolutionGuid = {474B19A3-3F58-41BE-A960-9317555F8B28}
	EndGlobalSection
EndGlobal
