
Microsoft Visual Studio Solution File, Format Version 12.00
# Visual Studio Version 17
VisualStudioVersion = 17.5.002.0
MinimumVisualStudioVersion = 10.0.40219.1
Project("{9A19103F-16F7-4668-BE54-9A1E7A4F7556}") = "014A-10to2", "014A-10to2.csproj", "{8626EC86-C238-439F-BBE5-606BB8EB9520}"
EndProject
Global
	GlobalSection(SolutionConfigurationPlatforms) = preSolution
		Debug|Any CPU = Debug|Any CPU
		Release|Any CPU = Release|Any CPU
	EndGlobalSection
	GlobalSection(ProjectConfigurationPlatforms) = postSolution
		{8626EC86-C238-439F-BBE5-606BB8EB9520}.Debug|Any CPU.ActiveCfg = Debug|Any CPU
		{8626EC86-C238-439F-BBE5-606BB8EB9520}.Debug|Any CPU.Build.0 = Debug|Any CPU
		{8626EC86-C238-439F-BBE5-606BB8EB9520}.Release|Any CPU.ActiveCfg = Release|Any CPU
		{8626EC86-C238-439F-BBE5-606BB8EB9520}.Release|Any CPU.Build.0 = Release|Any CPU
	EndGlobalSection
	GlobalSection(SolutionProperties) = preSolution
		HideSolutionNode = FALSE
	EndGlobalSection
	GlobalSection(ExtensibilityGlobals) = postSolution
		SolutionGuid = {B61818FB-9495-4F0B-BEA6-3A8005213BC0}
	EndGlobalSection
EndGlobal
