
Microsoft Visual Studio Solution File, Format Version 12.00
# Visual Studio Version 17
VisualStudioVersion = 17.5.002.0
MinimumVisualStudioVersion = 10.0.40219.1
Project("{9A19103F-16F7-4668-BE54-9A1E7A4F7556}") = "006 - analyza textu", "006 - analyza textu.csproj", "{6429E960-849C-49BB-B15A-FEA97A0EEF37}"
EndProject
Global
	GlobalSection(SolutionConfigurationPlatforms) = preSolution
		Debug|Any CPU = Debug|Any CPU
		Release|Any CPU = Release|Any CPU
	EndGlobalSection
	GlobalSection(ProjectConfigurationPlatforms) = postSolution
		{6429E960-849C-49BB-B15A-FEA97A0EEF37}.Debug|Any CPU.ActiveCfg = Debug|Any CPU
		{6429E960-849C-49BB-B15A-FEA97A0EEF37}.Debug|Any CPU.Build.0 = Debug|Any CPU
		{6429E960-849C-49BB-B15A-FEA97A0EEF37}.Release|Any CPU.ActiveCfg = Release|Any CPU
		{6429E960-849C-49BB-B15A-FEA97A0EEF37}.Release|Any CPU.Build.0 = Release|Any CPU
	EndGlobalSection
	GlobalSection(SolutionProperties) = preSolution
		HideSolutionNode = FALSE
	EndGlobalSection
	GlobalSection(ExtensibilityGlobals) = postSolution
		SolutionGuid = {95340665-BEC3-44FE-BA1A-86A0D5EC765C}
	EndGlobalSection
EndGlobal
