
Microsoft Visual Studio Solution File, Format Version 12.00
# Visual Studio Version 17
VisualStudioVersion = 17.5.002.0
MinimumVisualStudioVersion = 10.0.40219.1
Project("{9A19103F-16F7-4668-BE54-9A1E7A4F7556}") = "008E - Shell Sort", "008E - Shell Sort.csproj", "{B28FC0D1-3D05-477E-9796-974E39C247F2}"
EndProject
Global
	GlobalSection(SolutionConfigurationPlatforms) = preSolution
		Debug|Any CPU = Debug|Any CPU
		Release|Any CPU = Release|Any CPU
	EndGlobalSection
	GlobalSection(ProjectConfigurationPlatforms) = postSolution
		{B28FC0D1-3D05-477E-9796-974E39C247F2}.Debug|Any CPU.ActiveCfg = Debug|Any CPU
		{B28FC0D1-3D05-477E-9796-974E39C247F2}.Debug|Any CPU.Build.0 = Debug|Any CPU
		{B28FC0D1-3D05-477E-9796-974E39C247F2}.Release|Any CPU.ActiveCfg = Release|Any CPU
		{B28FC0D1-3D05-477E-9796-974E39C247F2}.Release|Any CPU.Build.0 = Release|Any CPU
	EndGlobalSection
	GlobalSection(SolutionProperties) = preSolution
		HideSolutionNode = FALSE
	EndGlobalSection
	GlobalSection(ExtensibilityGlobals) = postSolution
		SolutionGuid = {7C33FC1B-29ED-4494-A992-1DDBC9E526D7}
	EndGlobalSection
EndGlobal
